// !$*UTF8*$!
{
	archiveVersion = 1;
	classes = {
	};
	objectVersion = 48;
	objects = {

/* Begin PBXBuildFile section */
		7A354500209FAE200066745A /* PlaceHolderMatchTableViewCell.swift in Sources */ = {isa = PBXBuildFile; fileRef = 7A3544FF209FAE200066745A /* PlaceHolderMatchTableViewCell.swift */; };
		84590C8A208D5324004DBE6A /* NextMachtCollectionViewCell.swift in Sources */ = {isa = PBXBuildFile; fileRef = 84590C89208D5324004DBE6A /* NextMachtCollectionViewCell.swift */; };
		84A43A28208D2F4900FE48C7 /* TeamMember.swift in Sources */ = {isa = PBXBuildFile; fileRef = 84A43A27208D2F4900FE48C7 /* TeamMember.swift */; };
		84A43A2A208D348700FE48C7 /* CountryTeam.swift in Sources */ = {isa = PBXBuildFile; fileRef = 84A43A29208D348700FE48C7 /* CountryTeam.swift */; };
		84A43A2C208D360000FE48C7 /* Match.swift in Sources */ = {isa = PBXBuildFile; fileRef = 84A43A2B208D360000FE48C7 /* Match.swift */; };
		84A43A30208D3B0F00FE48C7 /* Event.swift in Sources */ = {isa = PBXBuildFile; fileRef = 84A43A2F208D3B0E00FE48C7 /* Event.swift */; };
		84A43A32208D4BA300FE48C7 /* CountryTeamViewController.swift in Sources */ = {isa = PBXBuildFile; fileRef = 84A43A31208D4BA300FE48C7 /* CountryTeamViewController.swift */; };
		84A43A34208D4C2E00FE48C7 /* PlayerTableViewCell.swift in Sources */ = {isa = PBXBuildFile; fileRef = 84A43A33208D4C2E00FE48C7 /* PlayerTableViewCell.swift */; };
		9009EB9820929B710055B4D3 /* Utils.swift in Sources */ = {isa = PBXBuildFile; fileRef = 9009EB9720929B710055B4D3 /* Utils.swift */; };
		902337D2209152CD00075816 /* Stadium.swift in Sources */ = {isa = PBXBuildFile; fileRef = 902337D1209152CD00075816 /* Stadium.swift */; };
		907A008C208956ED007DFE0C /* AppDelegate.swift in Sources */ = {isa = PBXBuildFile; fileRef = 907A008B208956ED007DFE0C /* AppDelegate.swift */; };
		907A008E208956ED007DFE0C /* ViewController.swift in Sources */ = {isa = PBXBuildFile; fileRef = 907A008D208956ED007DFE0C /* ViewController.swift */; };
		907A0091208956ED007DFE0C /* Main.storyboard in Resources */ = {isa = PBXBuildFile; fileRef = 907A008F208956ED007DFE0C /* Main.storyboard */; };
		907A0093208956ED007DFE0C /* Assets.xcassets in Resources */ = {isa = PBXBuildFile; fileRef = 907A0092208956ED007DFE0C /* Assets.xcassets */; };
		907A0096208956ED007DFE0C /* LaunchScreen.storyboard in Resources */ = {isa = PBXBuildFile; fileRef = 907A0094208956ED007DFE0C /* LaunchScreen.storyboard */; };
		907A009E20896131007DFE0C /* MatchTableViewCell.swift in Sources */ = {isa = PBXBuildFile; fileRef = 907A009D20896131007DFE0C /* MatchTableViewCell.swift */; };
		907A00A0208973E5007DFE0C /* EventTableViewCell.swift in Sources */ = {isa = PBXBuildFile; fileRef = 907A009F208973E5007DFE0C /* EventTableViewCell.swift */; };
		907A00A220897736007DFE0C /* MatchViewController.swift in Sources */ = {isa = PBXBuildFile; fileRef = 907A00A120897736007DFE0C /* MatchViewController.swift */; };
/* End PBXBuildFile section */

/* Begin PBXFileReference section */
		7A3544FF209FAE200066745A /* PlaceHolderMatchTableViewCell.swift */ = {isa = PBXFileReference; lastKnownFileType = sourcecode.swift; path = PlaceHolderMatchTableViewCell.swift; sourceTree = "<group>"; };
		84590C89208D5324004DBE6A /* NextMachtCollectionViewCell.swift */ = {isa = PBXFileReference; lastKnownFileType = sourcecode.swift; path = NextMachtCollectionViewCell.swift; sourceTree = "<group>"; };
		84A43A27208D2F4900FE48C7 /* TeamMember.swift */ = {isa = PBXFileReference; lastKnownFileType = sourcecode.swift; path = TeamMember.swift; sourceTree = "<group>"; };
		84A43A29208D348700FE48C7 /* CountryTeam.swift */ = {isa = PBXFileReference; lastKnownFileType = sourcecode.swift; path = CountryTeam.swift; sourceTree = "<group>"; };
		84A43A2B208D360000FE48C7 /* Match.swift */ = {isa = PBXFileReference; lastKnownFileType = sourcecode.swift; path = Match.swift; sourceTree = "<group>"; };
		84A43A2F208D3B0E00FE48C7 /* Event.swift */ = {isa = PBXFileReference; lastKnownFileType = sourcecode.swift; path = Event.swift; sourceTree = "<group>"; };
		84A43A31208D4BA300FE48C7 /* CountryTeamViewController.swift */ = {isa = PBXFileReference; lastKnownFileType = sourcecode.swift; path = CountryTeamViewController.swift; sourceTree = "<group>"; };
		84A43A33208D4C2E00FE48C7 /* PlayerTableViewCell.swift */ = {isa = PBXFileReference; lastKnownFileType = sourcecode.swift; path = PlayerTableViewCell.swift; sourceTree = "<group>"; };
		9009EB9720929B710055B4D3 /* Utils.swift */ = {isa = PBXFileReference; lastKnownFileType = sourcecode.swift; path = Utils.swift; sourceTree = "<group>"; };
		902337D1209152CD00075816 /* Stadium.swift */ = {isa = PBXFileReference; lastKnownFileType = sourcecode.swift; path = Stadium.swift; sourceTree = "<group>"; };
		907A0088208956ED007DFE0C /* Obligatorio_1.app */ = {isa = PBXFileReference; explicitFileType = wrapper.application; includeInIndex = 0; path = Obligatorio_1.app; sourceTree = BUILT_PRODUCTS_DIR; };
		907A008B208956ED007DFE0C /* AppDelegate.swift */ = {isa = PBXFileReference; lastKnownFileType = sourcecode.swift; path = AppDelegate.swift; sourceTree = "<group>"; };
		907A008D208956ED007DFE0C /* ViewController.swift */ = {isa = PBXFileReference; lastKnownFileType = sourcecode.swift; path = ViewController.swift; sourceTree = "<group>"; };
		907A0090208956ED007DFE0C /* Base */ = {isa = PBXFileReference; lastKnownFileType = file.storyboard; name = Base; path = Base.lproj/Main.storyboard; sourceTree = "<group>"; };
		907A0092208956ED007DFE0C /* Assets.xcassets */ = {isa = PBXFileReference; lastKnownFileType = folder.assetcatalog; path = Assets.xcassets; sourceTree = "<group>"; };
		907A0095208956ED007DFE0C /* Base */ = {isa = PBXFileReference; lastKnownFileType = file.storyboard; name = Base; path = Base.lproj/LaunchScreen.storyboard; sourceTree = "<group>"; };
		907A0097208956ED007DFE0C /* Info.plist */ = {isa = PBXFileReference; lastKnownFileType = text.plist.xml; path = Info.plist; sourceTree = "<group>"; };
		907A009D20896131007DFE0C /* MatchTableViewCell.swift */ = {isa = PBXFileReference; lastKnownFileType = sourcecode.swift; path = MatchTableViewCell.swift; sourceTree = "<group>"; };
		907A009F208973E5007DFE0C /* EventTableViewCell.swift */ = {isa = PBXFileReference; lastKnownFileType = sourcecode.swift; path = EventTableViewCell.swift; sourceTree = "<group>"; };
		907A00A120897736007DFE0C /* MatchViewController.swift */ = {isa = PBXFileReference; lastKnownFileType = sourcecode.swift; path = MatchViewController.swift; sourceTree = "<group>"; };
/* End PBXFileReference section */

/* Begin PBXFrameworksBuildPhase section */
		907A0085208956ED007DFE0C /* Frameworks */ = {
			isa = PBXFrameworksBuildPhase;
			buildActionMask = 2147483647;
			files = (
			);
			runOnlyForDeploymentPostprocessing = 0;
		};
/* End PBXFrameworksBuildPhase section */

/* Begin PBXGroup section */
		7A354501209FB5550066745A /* ViewControllers */ = {
			isa = PBXGroup;
			children = (
				907A008D208956ED007DFE0C /* ViewController.swift */,
				907A00A120897736007DFE0C /* MatchViewController.swift */,
				84A43A31208D4BA300FE48C7 /* CountryTeamViewController.swift */,
			);
			path = ViewControllers;
			sourceTree = "<group>";
		};
		7A354502209FB5880066745A /* Models */ = {
			isa = PBXGroup;
			children = (
				84A43A27208D2F4900FE48C7 /* TeamMember.swift */,
				84A43A29208D348700FE48C7 /* CountryTeam.swift */,
				84A43A2B208D360000FE48C7 /* Match.swift */,
				84A43A2F208D3B0E00FE48C7 /* Event.swift */,
				902337D1209152CD00075816 /* Stadium.swift */,
			);
			path = Models;
			sourceTree = "<group>";
		};
		7A354503209FB5B40066745A /* Helpers */ = {
			isa = PBXGroup;
			children = (
				9009EB9720929B710055B4D3 /* Utils.swift */,
			);
			path = Helpers;
			sourceTree = "<group>";
		};
		907A007F208956ED007DFE0C = {
			isa = PBXGroup;
			children = (
				907A008A208956ED007DFE0C /* Obligatorio_1 */,
				907A0089208956ED007DFE0C /* Products */,
			);
			sourceTree = "<group>";
		};
		907A0089208956ED007DFE0C /* Products */ = {
			isa = PBXGroup;
			children = (
				907A0088208956ED007DFE0C /* Obligatorio_1.app */,
			);
			name = Products;
			sourceTree = "<group>";
		};
		907A008A208956ED007DFE0C /* Obligatorio_1 */ = {
			isa = PBXGroup;
			children = (
				7A354503209FB5B40066745A /* Helpers */,
				7A354502209FB5880066745A /* Models */,
				7A354501209FB5550066745A /* ViewControllers */,
				907A008B208956ED007DFE0C /* AppDelegate.swift */,
				907A008F208956ED007DFE0C /* Main.storyboard */,
				907A0092208956ED007DFE0C /* Assets.xcassets */,
				907A0094208956ED007DFE0C /* LaunchScreen.storyboard */,
				907A0097208956ED007DFE0C /* Info.plist */,
				907A009D20896131007DFE0C /* MatchTableViewCell.swift */,
				907A009F208973E5007DFE0C /* EventTableViewCell.swift */,
				84A43A33208D4C2E00FE48C7 /* PlayerTableViewCell.swift */,
				84590C89208D5324004DBE6A /* NextMachtCollectionViewCell.swift */,
				7A3544FF209FAE200066745A /* PlaceHolderMatchTableViewCell.swift */,
			);
			path = Obligatorio_1;
			sourceTree = "<group>";
		};
/* End PBXGroup section */

/* Begin PBXNativeTarget section */
		907A0087208956ED007DFE0C /* Obligatorio_1 */ = {
			isa = PBXNativeTarget;
			buildConfigurationList = 907A009A208956ED007DFE0C /* Build configuration list for PBXNativeTarget "Obligatorio_1" */;
			buildPhases = (
				907A0084208956ED007DFE0C /* Sources */,
				907A0085208956ED007DFE0C /* Frameworks */,
				907A0086208956ED007DFE0C /* Resources */,
			);
			buildRules = (
			);
			dependencies = (
			);
			name = Obligatorio_1;
			productName = Obligatorio_1;
			productReference = 907A0088208956ED007DFE0C /* Obligatorio_1.app */;
			productType = "com.apple.product-type.application";
		};
/* End PBXNativeTarget section */

/* Begin PBXProject section */
		907A0080208956ED007DFE0C /* Project object */ = {
			isa = PBXProject;
			attributes = {
				LastSwiftUpdateCheck = 0920;
				LastUpgradeCheck = 0920;
				ORGANIZATIONNAME = UCU;
				TargetAttributes = {
					907A0087208956ED007DFE0C = {
						CreatedOnToolsVersion = 9.2;
						ProvisioningStyle = Automatic;
					};
				};
			};
			buildConfigurationList = 907A0083208956ED007DFE0C /* Build configuration list for PBXProject "Obligatorio_1" */;
			compatibilityVersion = "Xcode 8.0";
			developmentRegion = en;
			hasScannedForEncodings = 0;
			knownRegions = (
				en,
				Base,
			);
			mainGroup = 907A007F208956ED007DFE0C;
			productRefGroup = 907A0089208956ED007DFE0C /* Products */;
			projectDirPath = "";
			projectRoot = "";
			targets = (
				907A0087208956ED007DFE0C /* Obligatorio_1 */,
			);
		};
/* End PBXProject section */

/* Begin PBXResourcesBuildPhase section */
		907A0086208956ED007DFE0C /* Resources */ = {
			isa = PBXResourcesBuildPhase;
			buildActionMask = 2147483647;
			files = (
				907A0096208956ED007DFE0C /* LaunchScreen.storyboard in Resources */,
				907A0093208956ED007DFE0C /* Assets.xcassets in Resources */,
				907A0091208956ED007DFE0C /* Main.storyboard in Resources */,
			);
			runOnlyForDeploymentPostprocessing = 0;
		};
/* End PBXResourcesBuildPhase section */

/* Begin PBXSourcesBuildPhase section */
		907A0084208956ED007DFE0C /* Sources */ = {
			isa = PBXSourcesBuildPhase;
			buildActionMask = 2147483647;
			files = (
				84A43A2A208D348700FE48C7 /* CountryTeam.swift in Sources */,
				907A00A0208973E5007DFE0C /* EventTableViewCell.swift in Sources */,
				907A008E208956ED007DFE0C /* ViewController.swift in Sources */,
				9009EB9820929B710055B4D3 /* Utils.swift in Sources */,
				84A43A28208D2F4900FE48C7 /* TeamMember.swift in Sources */,
				84A43A30208D3B0F00FE48C7 /* Event.swift in Sources */,
				84590C8A208D5324004DBE6A /* NextMachtCollectionViewCell.swift in Sources */,
				907A009E20896131007DFE0C /* MatchTableViewCell.swift in Sources */,
				907A008C208956ED007DFE0C /* AppDelegate.swift in Sources */,
				84A43A34208D4C2E00FE48C7 /* PlayerTableViewCell.swift in Sources */,
				902337D2209152CD00075816 /* Stadium.swift in Sources */,
				84A43A32208D4BA300FE48C7 /* CountryTeamViewController.swift in Sources */,
				84A43A2C208D360000FE48C7 /* Match.swift in Sources */,
				7A354500209FAE200066745A /* PlaceHolderMatchTableViewCell.swift in Sources */,
				907A00A220897736007DFE0C /* MatchViewController.swift in Sources */,
			);
			runOnlyForDeploymentPostprocessing = 0;
		};
/* End PBXSourcesBuildPhase section */

/* Begin PBXVariantGroup section */
		907A008F208956ED007DFE0C /* Main.storyboard */ = {
			isa = PBXVariantGroup;
			children = (
				907A0090208956ED007DFE0C /* Base */,
			);
			name = Main.storyboard;
			sourceTree = "<group>";
		};
		907A0094208956ED007DFE0C /* LaunchScreen.storyboard */ = {
			isa = PBXVariantGroup;
			children = (
				907A0095208956ED007DFE0C /* Base */,
			);
			name = LaunchScreen.storyboard;
			sourceTree = "<group>";
		};
/* End PBXVariantGroup section */

/* Begin XCBuildConfiguration section */
		907A0098208956ED007DFE0C /* Debug */ = {
			isa = XCBuildConfiguration;
			buildSettings = {
				ALWAYS_SEARCH_USER_PATHS = NO;
				CLANG_ANALYZER_NONNULL = YES;
				CLANG_ANALYZER_NUMBER_OBJECT_CONVERSION = YES_AGGRESSIVE;
				CLANG_CXX_LANGUAGE_STANDARD = "gnu++14";
				CLANG_CXX_LIBRARY = "libc++";
				CLANG_ENABLE_MODULES = YES;
				CLANG_ENABLE_OBJC_ARC = YES;
				CLANG_WARN_BLOCK_CAPTURE_AUTORELEASING = YES;
				CLANG_WARN_BOOL_CONVERSION = YES;
				CLANG_WARN_COMMA = YES;
				CLANG_WARN_CONSTANT_CONVERSION = YES;
				CLANG_WARN_DIRECT_OBJC_ISA_USAGE = YES_ERROR;
				CLANG_WARN_DOCUMENTATION_COMMENTS = YES;
				CLANG_WARN_EMPTY_BODY = YES;
				CLANG_WARN_ENUM_CONVERSION = YES;
				CLANG_WARN_INFINITE_RECURSION = YES;
				CLANG_WARN_INT_CONVERSION = YES;
				CLANG_WARN_NON_LITERAL_NULL_CONVERSION = YES;
				CLANG_WARN_OBJC_LITERAL_CONVERSION = YES;
				CLANG_WARN_OBJC_ROOT_CLASS = YES_ERROR;
				CLANG_WARN_RANGE_LOOP_ANALYSIS = YES;
				CLANG_WARN_STRICT_PROTOTYPES = YES;
				CLANG_WARN_SUSPICIOUS_MOVE = YES;
				CLANG_WARN_UNGUARDED_AVAILABILITY = YES_AGGRESSIVE;
				CLANG_WARN_UNREACHABLE_CODE = YES;
				CLANG_WARN__DUPLICATE_METHOD_MATCH = YES;
				CODE_SIGN_IDENTITY = "iPhone Developer";
				COPY_PHASE_STRIP = NO;
				DEBUG_INFORMATION_FORMAT = dwarf;
				ENABLE_STRICT_OBJC_MSGSEND = YES;
				ENABLE_TESTABILITY = YES;
				GCC_C_LANGUAGE_STANDARD = gnu11;
				GCC_DYNAMIC_NO_PIC = NO;
				GCC_NO_COMMON_BLOCKS = YES;
				GCC_OPTIMIZATION_LEVEL = 0;
				GCC_PREPROCESSOR_DEFINITIONS = (
					"DEBUG=1",
					"$(inherited)",
				);
				GCC_WARN_64_TO_32_BIT_CONVERSION = YES;
				GCC_WARN_ABOUT_RETURN_TYPE = YES_ERROR;
				GCC_WARN_UNDECLARED_SELECTOR = YES;
				GCC_WARN_UNINITIALIZED_AUTOS = YES_AGGRESSIVE;
				GCC_WARN_UNUSED_FUNCTION = YES;
				GCC_WARN_UNUSED_VARIABLE = YES;
				IPHONEOS_DEPLOYMENT_TARGET = 11.2;
				MTL_ENABLE_DEBUG_INFO = YES;
				ONLY_ACTIVE_ARCH = YES;
				SDKROOT = iphoneos;
				SWIFT_ACTIVE_COMPILATION_CONDITIONS = DEBUG;
				SWIFT_OPTIMIZATION_LEVEL = "-Onone";
			};
			name = Debug;
		};
		907A0099208956ED007DFE0C /* Release */ = {
			isa = XCBuildConfiguration;
			buildSettings = {
				ALWAYS_SEARCH_USER_PATHS = NO;
				CLANG_ANALYZER_NONNULL = YES;
				CLANG_ANALYZER_NUMBER_OBJECT_CONVERSION = YES_AGGRESSIVE;
				CLANG_CXX_LANGUAGE_STANDARD = "gnu++14";
				CLANG_CXX_LIBRARY = "libc++";
				CLANG_ENABLE_MODULES = YES;
				CLANG_ENABLE_OBJC_ARC = YES;
				CLANG_WARN_BLOCK_CAPTURE_AUTORELEASING = YES;
				CLANG_WARN_BOOL_CONVERSION = YES;
				CLANG_WARN_COMMA = YES;
				CLANG_WARN_CONSTANT_CONVERSION = YES;
				CLANG_WARN_DIRECT_OBJC_ISA_USAGE = YES_ERROR;
				CLANG_WARN_DOCUMENTATION_COMMENTS = YES;
				CLANG_WARN_EMPTY_BODY = YES;
				CLANG_WARN_ENUM_CONVERSION = YES;
				CLANG_WARN_INFINITE_RECURSION = YES;
				CLANG_WARN_INT_CONVERSION = YES;
				CLANG_WARN_NON_LITERAL_NULL_CONVERSION = YES;
				CLANG_WARN_OBJC_LITERAL_CONVERSION = YES;
				CLANG_WARN_OBJC_ROOT_CLASS = YES_ERROR;
				CLANG_WARN_RANGE_LOOP_ANALYSIS = YES;
				CLANG_WARN_STRICT_PROTOTYPES = YES;
				CLANG_WARN_SUSPICIOUS_MOVE = YES;
				CLANG_WARN_UNGUARDED_AVAILABILITY = YES_AGGRESSIVE;
				CLANG_WARN_UNREACHABLE_CODE = YES;
				CLANG_WARN__DUPLICATE_METHOD_MATCH = YES;
				CODE_SIGN_IDENTITY = "iPhone Developer";
				COPY_PHASE_STRIP = NO;
				DEBUG_INFORMATION_FORMAT = "dwarf-with-dsym";
				ENABLE_NS_ASSERTIONS = NO;
				ENABLE_STRICT_OBJC_MSGSEND = YES;
				GCC_C_LANGUAGE_STANDARD = gnu11;
				GCC_NO_COMMON_BLOCKS = YES;
				GCC_WARN_64_TO_32_BIT_CONVERSION = YES;
				GCC_WARN_ABOUT_RETURN_TYPE = YES_ERROR;
				GCC_WARN_UNDECLARED_SELECTOR = YES;
				GCC_WARN_UNINITIALIZED_AUTOS = YES_AGGRESSIVE;
				GCC_WARN_UNUSED_FUNCTION = YES;
				GCC_WARN_UNUSED_VARIABLE = YES;
				IPHONEOS_DEPLOYMENT_TARGET = 11.2;
				MTL_ENABLE_DEBUG_INFO = NO;
				SDKROOT = iphoneos;
				SWIFT_OPTIMIZATION_LEVEL = "-Owholemodule";
				VALIDATE_PRODUCT = YES;
			};
			name = Release;
		};
		907A009B208956ED007DFE0C /* Debug */ = {
			isa = XCBuildConfiguration;
			buildSettings = {
				ASSETCATALOG_COMPILER_APPICON_NAME = AppIcon;
				CODE_SIGN_STYLE = Automatic;
				INFOPLIST_FILE = Obligatorio_1/Info.plist;
				LD_RUNPATH_SEARCH_PATHS = "$(inherited) @executable_path/Frameworks";
				PRODUCT_BUNDLE_IDENTIFIER = "com.uy.ucu.Obligatorio-1";
				PRODUCT_NAME = "$(TARGET_NAME)";
				SWIFT_VERSION = 4.0;
				TARGETED_DEVICE_FAMILY = "1,2";
			};
			name = Debug;
		};
		907A009C208956ED007DFE0C /* Release */ = {
			isa = XCBuildConfiguration;
			buildSettings = {
				ASSETCATALOG_COMPILER_APPICON_NAME = AppIcon;
				CODE_SIGN_STYLE = Automatic;
				INFOPLIST_FILE = Obligatorio_1/Info.plist;
				LD_RUNPATH_SEARCH_PATHS = "$(inherited) @executable_path/Frameworks";
				PRODUCT_BUNDLE_IDENTIFIER = "com.uy.ucu.Obligatorio-1";
				PRODUCT_NAME = "$(TARGET_NAME)";
				SWIFT_VERSION = 4.0;
				TARGETED_DEVICE_FAMILY = "1,2";
			};
			name = Release;
		};
/* End XCBuildConfiguration section */

/* Begin XCConfigurationList section */
		907A0083208956ED007DFE0C /* Build configuration list for PBXProject "Obligatorio_1" */ = {
			isa = XCConfigurationList;
			buildConfigurations = (
				907A0098208956ED007DFE0C /* Debug */,
				907A0099208956ED007DFE0C /* Release */,
			);
			defaultConfigurationIsVisible = 0;
			defaultConfigurationName = Release;
		};
		907A009A208956ED007DFE0C /* Build configuration list for PBXNativeTarget "Obligatorio_1" */ = {
			isa = XCConfigurationList;
			buildConfigurations = (
				907A009B208956ED007DFE0C /* Debug */,
				907A009C208956ED007DFE0C /* Release */,
			);
			defaultConfigurationIsVisible = 0;
			defaultConfigurationName = Release;
		};
/* End XCConfigurationList section */
	};
	rootObject = 907A0080208956ED007DFE0C /* Project object */;
}
